# This file is automatically @generated by Cargo.
# It is not intended for manual editing.
version = 3

[[package]]
name = "addr2line"
version = "0.21.0"
source = "registry+https://github.com/rust-lang/crates.io-index"
checksum = "8a30b2e23b9e17a9f90641c7ab1549cd9b44f296d3ccbf309d2863cfe398a0cb"
dependencies = [
 "gimli",
]

[[package]]
name = "adler"
version = "1.0.2"
source = "registry+https://github.com/rust-lang/crates.io-index"
checksum = "f26201604c87b1e01bd3d98f8d5d9a8fcbb815e8cedb41ffccbeb4bf593a35fe"

[[package]]
name = "anstream"
version = "0.6.4"
source = "registry+https://github.com/rust-lang/crates.io-index"
checksum = "2ab91ebe16eb252986481c5b62f6098f3b698a45e34b5b98200cf20dd2484a44"
dependencies = [
 "anstyle",
 "anstyle-parse",
 "anstyle-query",
 "anstyle-wincon",
 "colorchoice",
 "utf8parse",
]

[[package]]
name = "anstyle"
version = "1.0.4"
source = "registry+https://github.com/rust-lang/crates.io-index"
checksum = "7079075b41f533b8c61d2a4d073c4676e1f8b249ff94a393b0595db304e0dd87"

[[package]]
name = "anstyle-parse"
version = "0.2.2"
source = "registry+https://github.com/rust-lang/crates.io-index"
checksum = "317b9a89c1868f5ea6ff1d9539a69f45dffc21ce321ac1fd1160dfa48c8e2140"
dependencies = [
 "utf8parse",
]

[[package]]
name = "anstyle-query"
version = "1.0.0"
source = "registry+https://github.com/rust-lang/crates.io-index"
checksum = "5ca11d4be1bab0c8bc8734a9aa7bf4ee8316d462a08c6ac5052f888fef5b494b"
dependencies = [
 "windows-sys",
]

[[package]]
name = "anstyle-wincon"
version = "3.0.1"
source = "registry+https://github.com/rust-lang/crates.io-index"
checksum = "f0699d10d2f4d628a98ee7b57b289abbc98ff3bad977cb3152709d4bf2330628"
dependencies = [
 "anstyle",
 "windows-sys",
]

[[package]]
name = "anyhow"
version = "1.0.75"
source = "registry+https://github.com/rust-lang/crates.io-index"
checksum = "a4668cab20f66d8d020e1fbc0ebe47217433c1b6c8f2040faf858554e394ace6"

[[package]]
name = "async-trait"
version = "0.1.74"
source = "registry+https://github.com/rust-lang/crates.io-index"
checksum = "a66537f1bb974b254c98ed142ff995236e81b9d0fe4db0575f46612cb15eb0f9"
dependencies = [
 "proc-macro2",
 "quote",
 "syn 2.0.39",
]

[[package]]
name = "autocfg"
version = "1.1.0"
source = "registry+https://github.com/rust-lang/crates.io-index"
checksum = "d468802bab17cbc0cc575e9b053f41e72aa36bfa6b7f55e3529ffa43161b97fa"

[[package]]
name = "backtrace"
version = "0.3.69"
source = "registry+https://github.com/rust-lang/crates.io-index"
checksum = "2089b7e3f35b9dd2d0ed921ead4f6d318c27680d4a5bd167b3ee120edb105837"
dependencies = [
 "addr2line",
 "cc",
 "cfg-if",
 "libc",
 "miniz_oxide",
 "object",
 "rustc-demangle",
]

[[package]]
name = "bitflags"
version = "1.3.2"
source = "registry+https://github.com/rust-lang/crates.io-index"
checksum = "bef38d45163c2f1dde094a7dfd33ccf595c92905c8f8f4fdc18d06fb1037718a"

[[package]]
name = "bumpalo"
version = "3.14.0"
source = "registry+https://github.com/rust-lang/crates.io-index"
checksum = "7f30e7476521f6f8af1a1c4c0b8cc94f0bee37d91763d0ca2665f299b6cd8aec"

[[package]]
name = "byteorder"
version = "1.5.0"
source = "registry+https://github.com/rust-lang/crates.io-index"
checksum = "1fd0f2584146f6f2ef48085050886acf353beff7305ebd1ae69500e27c67f64b"

[[package]]
name = "bytes"
version = "1.5.0"
source = "registry+https://github.com/rust-lang/crates.io-index"
checksum = "a2bd12c1caf447e69cd4528f47f94d203fd2582878ecb9e9465484c4148a8223"

[[package]]
name = "cairo-rs"
version = "0.17.10"
source = "registry+https://github.com/rust-lang/crates.io-index"
checksum = "ab3603c4028a5e368d09b51c8b624b9a46edcd7c3778284077a6125af73c9f0a"
dependencies = [
 "bitflags",
 "cairo-sys-rs",
 "glib",
 "libc",
 "once_cell",
 "thiserror",
]

[[package]]
name = "cairo-sys-rs"
version = "0.17.10"
source = "registry+https://github.com/rust-lang/crates.io-index"
checksum = "691d0c66b1fb4881be80a760cb8fe76ea97218312f9dfe2c9cc0f496ca279cb1"
dependencies = [
 "glib-sys",
 "libc",
 "system-deps",
]

[[package]]
name = "cc"
version = "1.0.83"
source = "registry+https://github.com/rust-lang/crates.io-index"
checksum = "f1174fb0b6ec23863f8b971027804a42614e347eafb0a95bf0b12cdae21fc4d0"
dependencies = [
 "libc",
]

[[package]]
name = "cfg-expr"
version = "0.15.5"
source = "registry+https://github.com/rust-lang/crates.io-index"
checksum = "03915af431787e6ffdcc74c645077518c6b6e01f80b761e0fbbfa288536311b3"
dependencies = [
 "smallvec",
 "target-lexicon",
]

[[package]]
name = "cfg-if"
version = "1.0.0"
source = "registry+https://github.com/rust-lang/crates.io-index"
checksum = "baf1de4339761588bc0619e3cbc0120ee582ebb74b53b4efbf79117bd2da40fd"

[[package]]
name = "clap"
version = "4.4.7"
source = "registry+https://github.com/rust-lang/crates.io-index"
checksum = "ac495e00dcec98c83465d5ad66c5c4fabd652fd6686e7c6269b117e729a6f17b"
dependencies = [
 "clap_builder",
 "clap_derive",
]

[[package]]
name = "clap_builder"
version = "4.4.7"
source = "registry+https://github.com/rust-lang/crates.io-index"
checksum = "c77ed9a32a62e6ca27175d00d29d05ca32e396ea1eb5fb01d8256b669cec7663"
dependencies = [
 "anstream",
 "anstyle",
 "clap_lex",
 "strsim",
]

[[package]]
name = "clap_derive"
version = "4.4.7"
source = "registry+https://github.com/rust-lang/crates.io-index"
checksum = "cf9804afaaf59a91e75b022a30fb7229a7901f60c755489cc61c9b423b836442"
dependencies = [
 "heck",
 "proc-macro2",
 "quote",
 "syn 2.0.39",
]

[[package]]
name = "clap_lex"
version = "0.6.0"
source = "registry+https://github.com/rust-lang/crates.io-index"
checksum = "702fc72eb24e5a1e48ce58027a675bc24edd52096d5397d4aea7c6dd9eca0bd1"

[[package]]
name = "colorchoice"
version = "1.0.0"
source = "registry+https://github.com/rust-lang/crates.io-index"
checksum = "acbf1af155f9b9ef647e42cdc158db4b64a1b61f743629225fde6f3e0be2a7c7"

[[package]]
name = "crc32fast"
version = "1.3.2"
source = "registry+https://github.com/rust-lang/crates.io-index"
checksum = "b540bd8bc810d3885c6ea91e2018302f68baba2129ab3e88f32389ee9370880d"
dependencies = [
 "cfg-if",
]

[[package]]
name = "equivalent"
version = "1.0.1"
source = "registry+https://github.com/rust-lang/crates.io-index"
checksum = "5443807d6dff69373d433ab9ef5378ad8df50ca6298caf15de6e52e24aaf54d5"

[[package]]
name = "field-offset"
version = "0.3.6"
source = "registry+https://github.com/rust-lang/crates.io-index"
checksum = "38e2275cc4e4fc009b0669731a1e5ab7ebf11f469eaede2bab9309a5b4d6057f"
dependencies = [
 "memoffset",
 "rustc_version",
]

[[package]]
name = "flate2"
version = "1.0.28"
source = "registry+https://github.com/rust-lang/crates.io-index"
checksum = "46303f565772937ffe1d394a4fac6f411c6013172fadde9dcdb1e147a086940e"
dependencies = [
 "crc32fast",
 "miniz_oxide",
]

[[package]]
name = "flume"
version = "0.10.14"
source = "registry+https://github.com/rust-lang/crates.io-index"
checksum = "1657b4441c3403d9f7b3409e47575237dac27b1b5726df654a6ecbf92f0f7577"
dependencies = [
 "futures-core",
 "futures-sink",
 "nanorand",
 "pin-project",
 "spin",
]

[[package]]
name = "fragile"
version = "2.0.0"
source = "registry+https://github.com/rust-lang/crates.io-index"
checksum = "6c2141d6d6c8512188a7891b4b01590a45f6dac67afb4f255c4124dbb86d4eaa"

[[package]]
name = "futures"
version = "0.3.29"
source = "registry+https://github.com/rust-lang/crates.io-index"
checksum = "da0290714b38af9b4a7b094b8a37086d1b4e61f2df9122c3cad2577669145335"
dependencies = [
 "futures-channel",
 "futures-core",
 "futures-executor",
 "futures-io",
 "futures-sink",
 "futures-task",
 "futures-util",
]

[[package]]
name = "futures-channel"
version = "0.3.29"
source = "registry+https://github.com/rust-lang/crates.io-index"
checksum = "ff4dd66668b557604244583e3e1e1eada8c5c2e96a6d0d6653ede395b78bbacb"
dependencies = [
 "futures-core",
 "futures-sink",
]

[[package]]
name = "futures-core"
version = "0.3.29"
source = "registry+https://github.com/rust-lang/crates.io-index"
checksum = "eb1d22c66e66d9d72e1758f0bd7d4fd0bee04cad842ee34587d68c07e45d088c"

[[package]]
name = "futures-executor"
version = "0.3.29"
source = "registry+https://github.com/rust-lang/crates.io-index"
checksum = "0f4fb8693db0cf099eadcca0efe2a5a22e4550f98ed16aba6c48700da29597bc"
dependencies = [
 "futures-core",
 "futures-task",
 "futures-util",
]

[[package]]
name = "futures-io"
version = "0.3.29"
source = "registry+https://github.com/rust-lang/crates.io-index"
checksum = "8bf34a163b5c4c52d0478a4d757da8fb65cabef42ba90515efee0f6f9fa45aaa"

[[package]]
name = "futures-macro"
version = "0.3.29"
source = "registry+https://github.com/rust-lang/crates.io-index"
checksum = "53b153fd91e4b0147f4aced87be237c98248656bb01050b96bf3ee89220a8ddb"
dependencies = [
 "proc-macro2",
 "quote",
 "syn 2.0.39",
]

[[package]]
name = "futures-sink"
version = "0.3.29"
source = "registry+https://github.com/rust-lang/crates.io-index"
checksum = "e36d3378ee38c2a36ad710c5d30c2911d752cb941c00c72dbabfb786a7970817"

[[package]]
name = "futures-task"
version = "0.3.29"
source = "registry+https://github.com/rust-lang/crates.io-index"
checksum = "efd193069b0ddadc69c46389b740bbccdd97203899b48d09c5f7969591d6bae2"

[[package]]
name = "futures-util"
version = "0.3.29"
source = "registry+https://github.com/rust-lang/crates.io-index"
checksum = "a19526d624e703a3179b3d322efec918b6246ea0fa51d41124525f00f1cc8104"
dependencies = [
 "futures-channel",
 "futures-core",
 "futures-io",
 "futures-macro",
 "futures-sink",
 "futures-task",
 "memchr",
 "pin-project-lite",
 "pin-utils",
 "slab",
]

[[package]]
name = "gdk-pixbuf"
version = "0.17.10"
source = "registry+https://github.com/rust-lang/crates.io-index"
checksum = "695d6bc846438c5708b07007537b9274d883373dd30858ca881d7d71b5540717"
dependencies = [
 "bitflags",
 "gdk-pixbuf-sys",
 "gio",
 "glib",
 "libc",
 "once_cell",
]

[[package]]
name = "gdk-pixbuf-sys"
version = "0.17.10"
source = "registry+https://github.com/rust-lang/crates.io-index"
checksum = "9285ec3c113c66d7d0ab5676599176f1f42f4944ca1b581852215bf5694870cb"
dependencies = [
 "gio-sys",
 "glib-sys",
 "gobject-sys",
 "libc",
 "system-deps",
]

[[package]]
name = "gdk4"
version = "0.6.3"
source = "registry+https://github.com/rust-lang/crates.io-index"
checksum = "c3abf96408a26e3eddf881a7f893a1e111767137136e347745e8ea6ed12731ff"
dependencies = [
 "bitflags",
 "cairo-rs",
 "gdk-pixbuf",
 "gdk4-sys",
 "gio",
 "glib",
 "libc",
 "pango",
]

[[package]]
name = "gdk4-sys"
version = "0.6.3"
source = "registry+https://github.com/rust-lang/crates.io-index"
checksum = "1bc92aa1608c089c49393d014c38ac0390d01e4841e1fedaa75dbcef77aaed64"
dependencies = [
 "cairo-sys-rs",
 "gdk-pixbuf-sys",
 "gio-sys",
 "glib-sys",
 "gobject-sys",
 "libc",
 "pango-sys",
 "pkg-config",
 "system-deps",
]

[[package]]
name = "getrandom"
version = "0.2.10"
source = "registry+https://github.com/rust-lang/crates.io-index"
checksum = "be4136b2a15dd319360be1c07d9933517ccf0be8f16bf62a3bee4f0d618df427"
dependencies = [
 "cfg-if",
 "js-sys",
 "libc",
 "wasi",
 "wasm-bindgen",
]

[[package]]
name = "gimli"
version = "0.28.0"
source = "registry+https://github.com/rust-lang/crates.io-index"
checksum = "6fb8d784f27acf97159b40fc4db5ecd8aa23b9ad5ef69cdd136d3bc80665f0c0"

[[package]]
name = "gio"
version = "0.17.10"
source = "registry+https://github.com/rust-lang/crates.io-index"
checksum = "a6973e92937cf98689b6a054a9e56c657ed4ff76de925e36fc331a15f0c5d30a"
dependencies = [
 "bitflags",
 "futures-channel",
 "futures-core",
 "futures-io",
 "futures-util",
 "gio-sys",
 "glib",
 "libc",
 "once_cell",
 "pin-project-lite",
 "smallvec",
 "thiserror",
]

[[package]]
name = "gio-sys"
version = "0.17.10"
source = "registry+https://github.com/rust-lang/crates.io-index"
checksum = "0ccf87c30a12c469b6d958950f6a9c09f2be20b7773f7e70d20b867fdf2628c3"
dependencies = [
 "glib-sys",
 "gobject-sys",
 "libc",
 "system-deps",
 "winapi",
]

[[package]]
name = "glib"
version = "0.17.10"
source = "registry+https://github.com/rust-lang/crates.io-index"
checksum = "d3fad45ba8d4d2cea612b432717e834f48031cd8853c8aaf43b2c79fec8d144b"
dependencies = [
 "bitflags",
 "futures-channel",
 "futures-core",
 "futures-executor",
 "futures-task",
 "futures-util",
 "gio-sys",
 "glib-macros",
 "glib-sys",
 "gobject-sys",
 "libc",
 "memchr",
 "once_cell",
 "smallvec",
 "thiserror",
]

[[package]]
name = "glib-macros"
version = "0.17.10"
source = "registry+https://github.com/rust-lang/crates.io-index"
checksum = "eca5c79337338391f1ab8058d6698125034ce8ef31b72a442437fa6c8580de26"
dependencies = [
 "anyhow",
 "heck",
 "proc-macro-crate",
 "proc-macro-error",
 "proc-macro2",
 "quote",
 "syn 1.0.109",
]

[[package]]
name = "glib-sys"
version = "0.17.10"
source = "registry+https://github.com/rust-lang/crates.io-index"
checksum = "d80aa6ea7bba0baac79222204aa786a6293078c210abe69ef1336911d4bdc4f0"
dependencies = [
 "libc",
 "system-deps",
]

[[package]]
name = "gobject-sys"
version = "0.17.10"
source = "registry+https://github.com/rust-lang/crates.io-index"
checksum = "cd34c3317740a6358ec04572c1bcfd3ac0b5b6529275fae255b237b314bb8062"
dependencies = [
 "glib-sys",
 "libc",
 "system-deps",
]

[[package]]
name = "graphene-rs"
version = "0.17.10"
source = "registry+https://github.com/rust-lang/crates.io-index"
checksum = "def4bb01265b59ed548b05455040d272d989b3012c42d4c1bbd39083cb9b40d9"
dependencies = [
 "glib",
 "graphene-sys",
 "libc",
]

[[package]]
name = "graphene-sys"
version = "0.17.10"
source = "registry+https://github.com/rust-lang/crates.io-index"
checksum = "1856fc817e6a6675e36cea0bd9a3afe296f5d9709d1e2d3182803ac77f0ab21d"
dependencies = [
 "glib-sys",
 "libc",
 "pkg-config",
 "system-deps",
]

[[package]]
name = "gsk4"
version = "0.6.3"
source = "registry+https://github.com/rust-lang/crates.io-index"
checksum = "6f01ef44fa7cac15e2da9978529383e6bee03e570ba5bf7036b4c10a15cc3a3c"
dependencies = [
 "bitflags",
 "cairo-rs",
 "gdk4",
 "glib",
 "graphene-rs",
 "gsk4-sys",
 "libc",
 "pango",
]

[[package]]
name = "gsk4-sys"
version = "0.6.3"
source = "registry+https://github.com/rust-lang/crates.io-index"
checksum = "c07a84fb4dcf1323d29435aa85e2f5f58bef564342bef06775ec7bd0da1f01b0"
dependencies = [
 "cairo-sys-rs",
 "gdk4-sys",
 "glib-sys",
 "gobject-sys",
 "graphene-sys",
 "libc",
 "pango-sys",
 "system-deps",
]

[[package]]
name = "gtk4"
version = "0.6.6"
source = "registry+https://github.com/rust-lang/crates.io-index"
checksum = "b28a32a04cd75cef14a0983f8b0c669e0fe152a0a7725accdeb594e2c764c88b"
dependencies = [
 "bitflags",
 "cairo-rs",
 "field-offset",
 "futures-channel",
 "gdk-pixbuf",
 "gdk4",
 "gio",
 "glib",
 "graphene-rs",
 "gsk4",
 "gtk4-macros",
 "gtk4-sys",
 "libc",
 "once_cell",
 "pango",
]

[[package]]
name = "gtk4-macros"
version = "0.6.6"
source = "registry+https://github.com/rust-lang/crates.io-index"
checksum = "6a4d6b61570f76d3ee542d984da443b1cd69b6105264c61afec3abed08c2500f"
dependencies = [
 "anyhow",
 "proc-macro-crate",
 "proc-macro-error",
 "proc-macro2",
 "quote",
 "syn 1.0.109",
]

[[package]]
name = "gtk4-sys"
version = "0.6.3"
source = "registry+https://github.com/rust-lang/crates.io-index"
checksum = "5f8283f707b07e019e76c7f2934bdd4180c277e08aa93f4c0d8dd07b7a34e22f"
dependencies = [
 "cairo-sys-rs",
 "gdk-pixbuf-sys",
 "gdk4-sys",
 "gio-sys",
 "glib-sys",
 "gobject-sys",
 "graphene-sys",
 "gsk4-sys",
 "libc",
 "pango-sys",
 "system-deps",
]

[[package]]
name = "gvdb"
version = "0.4.2"
source = "registry+https://github.com/rust-lang/crates.io-index"
checksum = "a7139233c0ecb66f285c47a3c1c02b35c8d52a42ca4c7448d0163e5637bb4bd3"
dependencies = [
 "byteorder",
 "flate2",
 "lazy_static",
 "memmap2",
 "quick-xml",
 "safe-transmute",
 "serde",
 "serde_json",
 "walkdir",
 "zvariant",
]

[[package]]
name = "hashbrown"
version = "0.14.2"
source = "registry+https://github.com/rust-lang/crates.io-index"
checksum = "f93e7192158dbcda357bdec5fb5788eebf8bbac027f3f33e719d29135ae84156"

[[package]]
name = "heck"
version = "0.4.1"
source = "registry+https://github.com/rust-lang/crates.io-index"
checksum = "95505c38b4572b2d910cecb0281560f54b440a19336cbbcb27bf6ce6adc6f5a8"

[[package]]
name = "hermit-abi"
version = "0.3.3"
source = "registry+https://github.com/rust-lang/crates.io-index"
checksum = "d77f7ec81a6d05a3abb01ab6eb7590f6083d08449fe5a1c8b1e620283546ccb7"

[[package]]
name = "indexmap"
version = "2.1.0"
source = "registry+https://github.com/rust-lang/crates.io-index"
checksum = "d530e1a18b1cb4c484e6e34556a0d948706958449fca0cab753d649f2bce3d1f"
dependencies = [
 "equivalent",
 "hashbrown",
]

[[package]]
name = "itoa"
version = "1.0.9"
source = "registry+https://github.com/rust-lang/crates.io-index"
checksum = "af150ab688ff2122fcef229be89cb50dd66af9e01a4ff320cc137eecc9bacc38"

[[package]]
name = "js-sys"
version = "0.3.65"
source = "registry+https://github.com/rust-lang/crates.io-index"
checksum = "54c0c35952f67de54bb584e9fd912b3023117cbafc0a77d8f3dee1fb5f572fe8"
dependencies = [
 "wasm-bindgen",
]

[[package]]
name = "lazy_static"
version = "1.4.0"
source = "registry+https://github.com/rust-lang/crates.io-index"
checksum = "e2abad23fbc42b3700f2f279844dc832adb2b2eb069b2df918f455c4e18cc646"

[[package]]
name = "libadwaita"
version = "0.4.4"
source = "registry+https://github.com/rust-lang/crates.io-index"
checksum = "1ab9c0843f9f23ff25634df2743690c3a1faffe0a190e60c490878517eb81abf"
dependencies = [
 "bitflags",
 "gdk-pixbuf",
 "gdk4",
 "gio",
 "glib",
 "gtk4",
 "libadwaita-sys",
 "libc",
 "pango",
]

[[package]]
name = "libadwaita-sys"
version = "0.4.4"
source = "registry+https://github.com/rust-lang/crates.io-index"
checksum = "4231cb2499a9f0c4cdfa4885414b33e39901ddcac61150bc0bb4ff8a57ede404"
dependencies = [
 "gdk4-sys",
 "gio-sys",
 "glib-sys",
 "gobject-sys",
 "gtk4-sys",
 "libc",
 "pango-sys",
 "system-deps",
]

[[package]]
name = "libc"
version = "0.2.150"
source = "registry+https://github.com/rust-lang/crates.io-index"
checksum = "89d92a4743f9a61002fae18374ed11e7973f530cb3a3255fb354818118b2203c"

[[package]]
name = "lock_api"
version = "0.4.11"
source = "registry+https://github.com/rust-lang/crates.io-index"
checksum = "3c168f8615b12bc01f9c17e2eb0cc07dcae1940121185446edc3744920e8ef45"
dependencies = [
 "autocfg",
 "scopeguard",
]

[[package]]
name = "log"
version = "0.4.20"
source = "registry+https://github.com/rust-lang/crates.io-index"
checksum = "b5e6163cb8c49088c2c36f57875e58ccd8c87c7427f7fbd50ea6710b2f3f2e8f"

[[package]]
name = "memchr"
version = "2.6.4"
source = "registry+https://github.com/rust-lang/crates.io-index"
checksum = "f665ee40bc4a3c5590afb1e9677db74a508659dfd71e126420da8274909a0167"

[[package]]
name = "memmap2"
version = "0.7.1"
source = "registry+https://github.com/rust-lang/crates.io-index"
checksum = "f49388d20533534cd19360ad3d6a7dadc885944aa802ba3995040c5ec11288c6"
dependencies = [
 "libc",
]

[[package]]
name = "memoffset"
version = "0.9.0"
source = "registry+https://github.com/rust-lang/crates.io-index"
checksum = "5a634b1c61a95585bd15607c6ab0c4e5b226e695ff2800ba0cdccddf208c406c"
dependencies = [
 "autocfg",
]

[[package]]
name = "miniz_oxide"
version = "0.7.1"
source = "registry+https://github.com/rust-lang/crates.io-index"
checksum = "e7810e0be55b428ada41041c41f32c9f1a42817901b4ccf45fa3d4b6561e74c7"
dependencies = [
 "adler",
]

[[package]]
name = "mio"
version = "0.8.9"
source = "registry+https://github.com/rust-lang/crates.io-index"
checksum = "3dce281c5e46beae905d4de1870d8b1509a9142b62eedf18b443b011ca8343d0"
dependencies = [
 "libc",
 "wasi",
 "windows-sys",
]

[[package]]
name = "nanorand"
version = "0.7.0"
source = "registry+https://github.com/rust-lang/crates.io-index"
checksum = "6a51313c5820b0b02bd422f4b44776fbf47961755c74ce64afc73bfad10226c3"
dependencies = [
 "getrandom",
]

[[package]]
name = "num_cpus"
version = "1.16.0"
source = "registry+https://github.com/rust-lang/crates.io-index"
checksum = "4161fcb6d602d4d2081af7c3a45852d875a03dd337a6bfdd6e06407b61342a43"
dependencies = [
 "hermit-abi",
 "libc",
]

[[package]]
name = "object"
version = "0.32.1"
source = "registry+https://github.com/rust-lang/crates.io-index"
checksum = "9cf5f9dd3933bd50a9e1f149ec995f39ae2c496d31fd772c1fd45ebc27e902b0"
dependencies = [
 "memchr",
]

[[package]]
name = "once_cell"
version = "1.18.0"
source = "registry+https://github.com/rust-lang/crates.io-index"
checksum = "dd8b5dd2ae5ed71462c540258bedcb51965123ad7e7ccf4b9a8cafaa4a63576d"

[[package]]
name = "pango"
version = "0.17.10"
source = "registry+https://github.com/rust-lang/crates.io-index"
checksum = "35be456fc620e61f62dff7ff70fbd54dcbaf0a4b920c0f16de1107c47d921d48"
dependencies = [
 "bitflags",
 "gio",
 "glib",
 "libc",
 "once_cell",
 "pango-sys",
]

[[package]]
name = "pango-sys"
version = "0.17.10"
source = "registry+https://github.com/rust-lang/crates.io-index"
checksum = "3da69f9f3850b0d8990d462f8c709561975e95f689c1cdf0fecdebde78b35195"
dependencies = [
 "glib-sys",
 "gobject-sys",
 "libc",
 "system-deps",
]

[[package]]
name = "pangocairo"
version = "0.17.10"
source = "registry+https://github.com/rust-lang/crates.io-index"
checksum = "86bf29cb1c2e73817944f66011fb12135e1c6d268e8e4c5cfc689101c25822cf"
dependencies = [
 "bitflags",
 "cairo-rs",
 "glib",
 "libc",
 "pango",
 "pangocairo-sys",
]

[[package]]
name = "pangocairo-sys"
version = "0.17.10"
source = "registry+https://github.com/rust-lang/crates.io-index"
checksum = "94dfd38d9bf8ff5f881be2107ba49fcb22090d247aa00133f8dadf96b122b97a"
dependencies = [
 "cairo-sys-rs",
 "glib-sys",
 "libc",
 "pango-sys",
 "system-deps",
]

[[package]]
name = "parking_lot"
version = "0.12.1"
source = "registry+https://github.com/rust-lang/crates.io-index"
checksum = "3742b2c103b9f06bc9fff0a37ff4912935851bee6d36f3c02bcc755bcfec228f"
dependencies = [
 "lock_api",
 "parking_lot_core",
]

[[package]]
name = "parking_lot_core"
version = "0.9.9"
source = "registry+https://github.com/rust-lang/crates.io-index"
checksum = "4c42a9226546d68acdd9c0a280d17ce19bfe27a46bf68784e4066115788d008e"
dependencies = [
 "cfg-if",
 "libc",
 "redox_syscall",
 "smallvec",
 "windows-targets",
]

[[package]]
name = "pin-project"
version = "1.1.3"
source = "registry+https://github.com/rust-lang/crates.io-index"
checksum = "fda4ed1c6c173e3fc7a83629421152e01d7b1f9b7f65fb301e490e8cfc656422"
dependencies = [
 "pin-project-internal",
]

[[package]]
name = "pin-project-internal"
version = "1.1.3"
source = "registry+https://github.com/rust-lang/crates.io-index"
checksum = "4359fd9c9171ec6e8c62926d6faaf553a8dc3f64e1507e76da7911b4f6a04405"
dependencies = [
 "proc-macro2",
 "quote",
 "syn 2.0.39",
]

[[package]]
name = "pin-project-lite"
version = "0.2.13"
source = "registry+https://github.com/rust-lang/crates.io-index"
checksum = "8afb450f006bf6385ca15ef45d71d2288452bc3683ce2e2cacc0d18e4be60b58"

[[package]]
name = "pin-utils"
version = "0.1.0"
source = "registry+https://github.com/rust-lang/crates.io-index"
checksum = "8b870d8c151b6f2fb93e84a13146138f05d02ed11c7e7c54f8826aaaf7c9f184"

[[package]]
name = "pkg-config"
version = "0.3.27"
source = "registry+https://github.com/rust-lang/crates.io-index"
checksum = "26072860ba924cbfa98ea39c8c19b4dd6a4a25423dbdf219c1eca91aa0cf6964"

[[package]]
name = "proc-macro-crate"
version = "1.3.1"
source = "registry+https://github.com/rust-lang/crates.io-index"
checksum = "7f4c021e1093a56626774e81216a4ce732a735e5bad4868a03f3ed65ca0c3919"
dependencies = [
 "once_cell",
 "toml_edit 0.19.15",
]

[[package]]
name = "proc-macro-error"
version = "1.0.4"
source = "registry+https://github.com/rust-lang/crates.io-index"
checksum = "da25490ff9892aab3fcf7c36f08cfb902dd3e71ca0f9f9517bea02a73a5ce38c"
dependencies = [
 "proc-macro-error-attr",
 "proc-macro2",
 "quote",
 "syn 1.0.109",
 "version_check",
]

[[package]]
name = "proc-macro-error-attr"
version = "1.0.4"
source = "registry+https://github.com/rust-lang/crates.io-index"
checksum = "a1be40180e52ecc98ad80b184934baf3d0d29f979574e439af5a55274b35f869"
dependencies = [
 "proc-macro2",
 "quote",
 "version_check",
]

[[package]]
name = "proc-macro2"
version = "1.0.69"
source = "registry+https://github.com/rust-lang/crates.io-index"
checksum = "134c189feb4956b20f6f547d2cf727d4c0fe06722b20a0eec87ed445a97f92da"
dependencies = [
 "unicode-ident",
]

[[package]]
name = "quick-xml"
version = "0.29.0"
source = "registry+https://github.com/rust-lang/crates.io-index"
checksum = "81b9228215d82c7b61490fec1de287136b5de6f5700f6e58ea9ad61a7964ca51"
dependencies = [
 "memchr",
 "serde",
]

[[package]]
name = "quote"
version = "1.0.33"
source = "registry+https://github.com/rust-lang/crates.io-index"
checksum = "5267fca4496028628a95160fc423a33e8b2e6af8a5302579e322e4b520293cae"
dependencies = [
 "proc-macro2",
]

[[package]]
name = "redox_syscall"
version = "0.4.1"
source = "registry+https://github.com/rust-lang/crates.io-index"
checksum = "4722d768eff46b75989dd134e5c353f0d6296e5aaa3132e776cbdb56be7731aa"
dependencies = [
 "bitflags",
]

[[package]]
name = "relm4"
version = "0.6.2"
source = "registry+https://github.com/rust-lang/crates.io-index"
checksum = "0c16f3fad883034773b7f5af4d7e865532b8f3641e5a8bab2a34561a8d960d81"
dependencies = [
 "async-trait",
 "flume",
 "fragile",
 "futures",
 "gtk4",
 "libadwaita",
 "once_cell",
 "relm4-macros",
 "tokio",
 "tracing",
]

[[package]]
name = "relm4-icons"
version = "0.6.0"
source = "registry+https://github.com/rust-lang/crates.io-index"
checksum = "6e28bcc718a587bcfa31b034e0b8f4efe5b70e945b7de9d7d154b45357a0dadc"
dependencies = [
 "gtk4",
 "gvdb",
]

[[package]]
name = "relm4-macros"
version = "0.6.2"
source = "registry+https://github.com/rust-lang/crates.io-index"
checksum = "9340e2553c0a184a80a0bfa1dcf73c47f3d48933aa6be90724b202f9fbd24735"
dependencies = [
 "proc-macro2",
 "quote",
 "syn 2.0.39",
]

[[package]]
name = "rustc-demangle"
version = "0.1.23"
source = "registry+https://github.com/rust-lang/crates.io-index"
checksum = "d626bb9dae77e28219937af045c257c28bfd3f69333c512553507f5f9798cb76"

[[package]]
name = "rustc_version"
version = "0.4.0"
source = "registry+https://github.com/rust-lang/crates.io-index"
checksum = "bfa0f585226d2e68097d4f95d113b15b83a82e819ab25717ec0590d9584ef366"
dependencies = [
 "semver",
]

[[package]]
name = "ryu"
version = "1.0.15"
source = "registry+https://github.com/rust-lang/crates.io-index"
checksum = "1ad4cc8da4ef723ed60bced201181d83791ad433213d8c24efffda1eec85d741"

[[package]]
name = "safe-transmute"
version = "0.11.2"
source = "registry+https://github.com/rust-lang/crates.io-index"
checksum = "98a01dab6acf992653be49205bdd549f32f17cb2803e8eacf1560bf97259aae8"

[[package]]
name = "same-file"
version = "1.0.6"
source = "registry+https://github.com/rust-lang/crates.io-index"
checksum = "93fc1dc3aaa9bfed95e02e6eadabb4baf7e3078b0bd1b4d7b6b0b68378900502"
dependencies = [
 "winapi-util",
]

[[package]]
name = "satty"
version = "0.7.0"
dependencies = [
 "anyhow",
 "clap",
 "gdk-pixbuf",
 "pangocairo",
 "relm4",
 "relm4-icons",
 "tokio",
]

[[package]]
name = "scopeguard"
version = "1.2.0"
source = "registry+https://github.com/rust-lang/crates.io-index"
checksum = "94143f37725109f92c262ed2cf5e59bce7498c01bcc1502d7b9afe439a4e9f49"

[[package]]
name = "semver"
version = "1.0.20"
source = "registry+https://github.com/rust-lang/crates.io-index"
checksum = "836fa6a3e1e547f9a2c4040802ec865b5d85f4014efe00555d7090a3dcaa1090"

[[package]]
name = "serde"
version = "1.0.192"
source = "registry+https://github.com/rust-lang/crates.io-index"
checksum = "bca2a08484b285dcb282d0f67b26cadc0df8b19f8c12502c13d966bf9482f001"
dependencies = [
 "serde_derive",
]

[[package]]
name = "serde_derive"
version = "1.0.192"
source = "registry+https://github.com/rust-lang/crates.io-index"
checksum = "d6c7207fbec9faa48073f3e3074cbe553af6ea512d7c21ba46e434e70ea9fbc1"
dependencies = [
 "proc-macro2",
 "quote",
 "syn 2.0.39",
]

[[package]]
name = "serde_json"
version = "1.0.108"
source = "registry+https://github.com/rust-lang/crates.io-index"
checksum = "3d1c7e3eac408d115102c4c24ad393e0821bb3a5df4d506a80f85f7a742a526b"
dependencies = [
 "itoa",
 "ryu",
 "serde",
]

[[package]]
name = "serde_spanned"
version = "0.6.4"
source = "registry+https://github.com/rust-lang/crates.io-index"
checksum = "12022b835073e5b11e90a14f86838ceb1c8fb0325b72416845c487ac0fa95e80"
dependencies = [
 "serde",
]

[[package]]
name = "signal-hook-registry"
version = "1.4.1"
source = "registry+https://github.com/rust-lang/crates.io-index"
checksum = "d8229b473baa5980ac72ef434c4415e70c4b5e71b423043adb4ba059f89c99a1"
dependencies = [
 "libc",
]

[[package]]
name = "slab"
version = "0.4.9"
source = "registry+https://github.com/rust-lang/crates.io-index"
checksum = "8f92a496fb766b417c996b9c5e57daf2f7ad3b0bebe1ccfca4856390e3d3bb67"
dependencies = [
 "autocfg",
]

[[package]]
name = "smallvec"
version = "1.11.1"
source = "registry+https://github.com/rust-lang/crates.io-index"
checksum = "942b4a808e05215192e39f4ab80813e599068285906cc91aa64f923db842bd5a"

[[package]]
name = "socket2"
version = "0.5.5"
source = "registry+https://github.com/rust-lang/crates.io-index"
checksum = "7b5fac59a5cb5dd637972e5fca70daf0523c9067fcdc4842f053dae04a18f8e9"
dependencies = [
 "libc",
 "windows-sys",
]

[[package]]
name = "spin"
version = "0.9.8"
source = "registry+https://github.com/rust-lang/crates.io-index"
checksum = "6980e8d7511241f8acf4aebddbb1ff938df5eebe98691418c4468d0b72a96a67"
dependencies = [
 "lock_api",
]

[[package]]
name = "static_assertions"
version = "1.1.0"
source = "registry+https://github.com/rust-lang/crates.io-index"
checksum = "a2eb9349b6444b326872e140eb1cf5e7c522154d69e7a0ffb0fb81c06b37543f"

[[package]]
name = "strsim"
version = "0.10.0"
source = "registry+https://github.com/rust-lang/crates.io-index"
checksum = "73473c0e59e6d5812c5dfe2a064a6444949f089e20eec9a2e5506596494e4623"

[[package]]
name = "syn"
version = "1.0.109"
source = "registry+https://github.com/rust-lang/crates.io-index"
checksum = "72b64191b275b66ffe2469e8af2c1cfe3bafa67b529ead792a6d0160888b4237"
dependencies = [
 "proc-macro2",
 "quote",
 "unicode-ident",
]

[[package]]
name = "syn"
version = "2.0.39"
source = "registry+https://github.com/rust-lang/crates.io-index"
checksum = "23e78b90f2fcf45d3e842032ce32e3f2d1545ba6636271dcbf24fa306d87be7a"
dependencies = [
 "proc-macro2",
 "quote",
 "unicode-ident",
]

[[package]]
name = "system-deps"
version = "6.2.0"
source = "registry+https://github.com/rust-lang/crates.io-index"
checksum = "2a2d580ff6a20c55dfb86be5f9c238f67835d0e81cbdea8bf5680e0897320331"
dependencies = [
 "cfg-expr",
 "heck",
 "pkg-config",
 "toml",
 "version-compare",
]

[[package]]
name = "target-lexicon"
version = "0.12.12"
source = "registry+https://github.com/rust-lang/crates.io-index"
checksum = "14c39fd04924ca3a864207c66fc2cd7d22d7c016007f9ce846cbb9326331930a"

[[package]]
name = "thiserror"
version = "1.0.50"
source = "registry+https://github.com/rust-lang/crates.io-index"
checksum = "f9a7210f5c9a7156bb50aa36aed4c95afb51df0df00713949448cf9e97d382d2"
dependencies = [
 "thiserror-impl",
]

[[package]]
name = "thiserror-impl"
version = "1.0.50"
source = "registry+https://github.com/rust-lang/crates.io-index"
checksum = "266b2e40bc00e5a6c09c3584011e08b06f123c00362c92b975ba9843aaaa14b8"
dependencies = [
 "proc-macro2",
 "quote",
 "syn 2.0.39",
]

[[package]]
name = "tokio"
version = "1.33.0"
source = "registry+https://github.com/rust-lang/crates.io-index"
checksum = "4f38200e3ef7995e5ef13baec2f432a6da0aa9ac495b2c0e8f3b7eec2c92d653"
dependencies = [
 "backtrace",
 "bytes",
 "libc",
 "mio",
 "num_cpus",
 "parking_lot",
 "pin-project-lite",
 "signal-hook-registry",
 "socket2",
 "tokio-macros",
 "windows-sys",
]

[[package]]
name = "tokio-macros"
version = "2.1.0"
source = "registry+https://github.com/rust-lang/crates.io-index"
checksum = "630bdcf245f78637c13ec01ffae6187cca34625e8c63150d424b59e55af2675e"
dependencies = [
 "proc-macro2",
 "quote",
 "syn 2.0.39",
]

[[package]]
name = "toml"
version = "0.8.8"
source = "registry+https://github.com/rust-lang/crates.io-index"
checksum = "a1a195ec8c9da26928f773888e0742ca3ca1040c6cd859c919c9f59c1954ab35"
dependencies = [
 "serde",
 "serde_spanned",
 "toml_datetime",
 "toml_edit 0.21.0",
]

[[package]]
name = "toml_datetime"
version = "0.6.5"
source = "registry+https://github.com/rust-lang/crates.io-index"
checksum = "3550f4e9685620ac18a50ed434eb3aec30db8ba93b0287467bca5826ea25baf1"
dependencies = [
 "serde",
]

[[package]]
name = "toml_edit"
version = "0.19.15"
source = "registry+https://github.com/rust-lang/crates.io-index"
checksum = "1b5bb770da30e5cbfde35a2d7b9b8a2c4b8ef89548a7a6aeab5c9a576e3e7421"
dependencies = [
 "indexmap",
 "toml_datetime",
 "winnow",
]

[[package]]
name = "toml_edit"
version = "0.21.0"
source = "registry+https://github.com/rust-lang/crates.io-index"
checksum = "d34d383cd00a163b4a5b85053df514d45bc330f6de7737edfe0a93311d1eaa03"
dependencies = [
 "indexmap",
 "serde",
 "serde_spanned",
 "toml_datetime",
 "winnow",
]

[[package]]
name = "tracing"
version = "0.1.40"
source = "registry+https://github.com/rust-lang/crates.io-index"
checksum = "c3523ab5a71916ccf420eebdf5521fcef02141234bbc0b8a49f2fdc4544364ef"
dependencies = [
 "pin-project-lite",
 "tracing-attributes",
 "tracing-core",
]

[[package]]
name = "tracing-attributes"
version = "0.1.27"
source = "registry+https://github.com/rust-lang/crates.io-index"
checksum = "34704c8d6ebcbc939824180af020566b01a7c01f80641264eba0999f6c2b6be7"
dependencies = [
 "proc-macro2",
 "quote",
 "syn 2.0.39",
]

[[package]]
name = "tracing-core"
version = "0.1.32"
source = "registry+https://github.com/rust-lang/crates.io-index"
checksum = "c06d3da6113f116aaee68e4d601191614c9053067f9ab7f6edbcb161237daa54"
dependencies = [
 "once_cell",
]

[[package]]
name = "unicode-ident"
version = "1.0.12"
source = "registry+https://github.com/rust-lang/crates.io-index"
checksum = "3354b9ac3fae1ff6755cb6db53683adb661634f67557942dea4facebec0fee4b"

[[package]]
name = "utf8parse"
version = "0.2.1"
source = "registry+https://github.com/rust-lang/crates.io-index"
checksum = "711b9620af191e0cdc7468a8d14e709c3dcdb115b36f838e601583af800a370a"

[[package]]
name = "version-compare"
version = "0.1.1"
source = "registry+https://github.com/rust-lang/crates.io-index"
checksum = "579a42fc0b8e0c63b76519a339be31bed574929511fa53c1a3acae26eb258f29"

[[package]]
name = "version_check"
version = "0.9.4"
source = "registry+https://github.com/rust-lang/crates.io-index"
checksum = "49874b5167b65d7193b8aba1567f5c7d93d001cafc34600cee003eda787e483f"

[[package]]
name = "walkdir"
version = "2.4.0"
source = "registry+https://github.com/rust-lang/crates.io-index"
checksum = "d71d857dc86794ca4c280d616f7da00d2dbfd8cd788846559a6813e6aa4b54ee"
dependencies = [
 "same-file",
 "winapi-util",
]

[[package]]
name = "wasi"
version = "0.11.0+wasi-snapshot-preview1"
source = "registry+https://github.com/rust-lang/crates.io-index"
checksum = "9c8d87e72b64a3b4db28d11ce29237c246188f4f51057d65a7eab63b7987e423"

[[package]]
name = "wasm-bindgen"
version = "0.2.88"
source = "registry+https://github.com/rust-lang/crates.io-index"
checksum = "7daec296f25a1bae309c0cd5c29c4b260e510e6d813c286b19eaadf409d40fce"
dependencies = [
 "cfg-if",
 "wasm-bindgen-macro",
]

[[package]]
name = "wasm-bindgen-backend"
version = "0.2.88"
source = "registry+https://github.com/rust-lang/crates.io-index"
checksum = "e397f4664c0e4e428e8313a469aaa58310d302159845980fd23b0f22a847f217"
dependencies = [
 "bumpalo",
 "log",
 "once_cell",
 "proc-macro2",
 "quote",
 "syn 2.0.39",
 "wasm-bindgen-shared",
]

[[package]]
name = "wasm-bindgen-macro"
version = "0.2.88"
source = "registry+https://github.com/rust-lang/crates.io-index"
checksum = "5961017b3b08ad5f3fe39f1e79877f8ee7c23c5e5fd5eb80de95abc41f1f16b2"
dependencies = [
 "quote",
 "wasm-bindgen-macro-support",
]

[[package]]
name = "wasm-bindgen-macro-support"
version = "0.2.88"
source = "registry+https://github.com/rust-lang/crates.io-index"
checksum = "c5353b8dab669f5e10f5bd76df26a9360c748f054f862ff5f3f8aae0c7fb3907"
dependencies = [
 "proc-macro2",
 "quote",
 "syn 2.0.39",
 "wasm-bindgen-backend",
 "wasm-bindgen-shared",
]

[[package]]
name = "wasm-bindgen-shared"
version = "0.2.88"
source = "registry+https://github.com/rust-lang/crates.io-index"
checksum = "0d046c5d029ba91a1ed14da14dca44b68bf2f124cfbaf741c54151fdb3e0750b"

[[package]]
name = "winapi"
version = "0.3.9"
source = "registry+https://github.com/rust-lang/crates.io-index"
checksum = "5c839a674fcd7a98952e593242ea400abe93992746761e38641405d28b00f419"
dependencies = [
 "winapi-i686-pc-windows-gnu",
 "winapi-x86_64-pc-windows-gnu",
]

[[package]]
name = "winapi-i686-pc-windows-gnu"
version = "0.4.0"
source = "registry+https://github.com/rust-lang/crates.io-index"
checksum = "ac3b87c63620426dd9b991e5ce0329eff545bccbbb34f3be09ff6fb6ab51b7b6"

[[package]]
name = "winapi-util"
version = "0.1.6"
source = "registry+https://github.com/rust-lang/crates.io-index"
checksum = "f29e6f9198ba0d26b4c9f07dbe6f9ed633e1f3d5b8b414090084349e46a52596"
dependencies = [
 "winapi",
]

[[package]]
name = "winapi-x86_64-pc-windows-gnu"
version = "0.4.0"
source = "registry+https://github.com/rust-lang/crates.io-index"
checksum = "712e227841d057c1ee1cd2fb22fa7e5a5461ae8e48fa2ca79ec42cfc1931183f"

[[package]]
name = "windows-sys"
version = "0.48.0"
source = "registry+https://github.com/rust-lang/crates.io-index"
checksum = "677d2418bec65e3338edb076e806bc1ec15693c5d0104683f2efe857f61056a9"
dependencies = [
 "windows-targets",
]

[[package]]
name = "windows-targets"
version = "0.48.5"
source = "registry+https://github.com/rust-lang/crates.io-index"
checksum = "9a2fa6e2155d7247be68c096456083145c183cbbbc2764150dda45a87197940c"
dependencies = [
 "windows_aarch64_gnullvm",
 "windows_aarch64_msvc",
 "windows_i686_gnu",
 "windows_i686_msvc",
 "windows_x86_64_gnu",
 "windows_x86_64_gnullvm",
 "windows_x86_64_msvc",
]

[[package]]
name = "windows_aarch64_gnullvm"
version = "0.48.5"
source = "registry+https://github.com/rust-lang/crates.io-index"
checksum = "2b38e32f0abccf9987a4e3079dfb67dcd799fb61361e53e2882c3cbaf0d905d8"

[[package]]
name = "windows_aarch64_msvc"
version = "0.48.5"
source = "registry+https://github.com/rust-lang/crates.io-index"
checksum = "dc35310971f3b2dbbf3f0690a219f40e2d9afcf64f9ab7cc1be722937c26b4bc"

[[package]]
name = "windows_i686_gnu"
version = "0.48.5"
source = "registry+https://github.com/rust-lang/crates.io-index"
checksum = "a75915e7def60c94dcef72200b9a8e58e5091744960da64ec734a6c6e9b3743e"

[[package]]
name = "windows_i686_msvc"
version = "0.48.5"
source = "registry+https://github.com/rust-lang/crates.io-index"
checksum = "8f55c233f70c4b27f66c523580f78f1004e8b5a8b659e05a4eb49d4166cca406"

[[package]]
name = "windows_x86_64_gnu"
version = "0.48.5"
source = "registry+https://github.com/rust-lang/crates.io-index"
checksum = "53d40abd2583d23e4718fddf1ebec84dbff8381c07cae67ff7768bbf19c6718e"

[[package]]
name = "windows_x86_64_gnullvm"
version = "0.48.5"
source = "registry+https://github.com/rust-lang/crates.io-index"
checksum = "0b7b52767868a23d5bab768e390dc5f5c55825b6d30b86c844ff2dc7414044cc"

[[package]]
name = "windows_x86_64_msvc"
version = "0.48.5"
source = "registry+https://github.com/rust-lang/crates.io-index"
checksum = "ed94fce61571a4006852b7389a063ab983c02eb1bb37b47f8272ce92d06d9538"

[[package]]
name = "winnow"
version = "0.5.19"
source = "registry+https://github.com/rust-lang/crates.io-index"
checksum = "829846f3e3db426d4cee4510841b71a8e58aa2a76b1132579487ae430ccd9c7b"
dependencies = [
 "memchr",
]

[[package]]
name = "zvariant"
version = "3.15.0"
source = "registry+https://github.com/rust-lang/crates.io-index"
checksum = "44b291bee0d960c53170780af148dca5fa260a63cdd24f1962fa82e03e53338c"
dependencies = [
 "byteorder",
 "libc",
 "serde",
 "static_assertions",
 "zvariant_derive",
]

[[package]]
name = "zvariant_derive"
version = "3.15.0"
source = "registry+https://github.com/rust-lang/crates.io-index"
checksum = "934d7a7dfc310d6ee06c87ffe88ef4eca7d3e37bb251dece2ef93da8f17d8ecd"
dependencies = [
 "proc-macro-crate",
 "proc-macro2",
 "quote",
 "syn 1.0.109",
 "zvariant_utils",
]

[[package]]
name = "zvariant_utils"
version = "1.0.1"
source = "registry+https://github.com/rust-lang/crates.io-index"
checksum = "7234f0d811589db492d16893e3f21e8e2fd282e6d01b0cddee310322062cc200"
dependencies = [
 "proc-macro2",
 "quote",
 "syn 1.0.109",
]
