{
  "nodes": {
    "nixpkgs": {
      "locked": {
        "lastModified": 1734424634,
        "narHash": "sha256-cHar1vqHOOyC7f1+tVycPoWTfKIaqkoe1Q6TnKzuti4=",
        "owner": "NixOS",
        "repo": "nixpkgs",
        "rev": "d3c42f187194c26d9f0309a8ecc469d6c878ce33",
        "type": "github"
      },
      "original": {
        "owner": "NixOS",
        "ref": "nixos-unstable",
        "repo": "nixpkgs",
        "type": "github"
      }
    },
    "nixpkgs_2": {
      "locked": {
        "lastModified": 1728538411,
        "narHash": "sha256-f0SBJz1eZ2yOuKUr5CA9BHULGXVSn6miBuUWdTyhUhU=",
        "owner": "NixOS",
        "repo": "nixpkgs",
        "rev": "b69de56fac8c2b6f8fd27f2eca01dcda8e0a4221",
        "type": "github"
      },
      "original": {
        "owner": "NixOS",
        "ref": "nixpkgs-unstable",
        "repo": "nixpkgs",
        "type": "github"
      }
    },
    "root": {
      "inputs": {
        "nixpkgs": "nixpkgs",
        "rust-overlay": "rust-overlay"
      }
    },
    "rust-overlay": {
      "inputs": {
        "nixpkgs": "nixpkgs_2"
      },
      "locked": {
        "lastModified": 1734661750,
        "narHash": "sha256-BI58NBdimxu1lnpOrG9XxBz7Cwqy+qIf99zunWofX5w=",
        "owner": "oxalica",
        "repo": "rust-overlay",
        "rev": "7d3d910d5fd575e6e8c5600d83d54e5c47273bfe",
        "type": "github"
      },
      "original": {
        "owner": "oxalica",
        "repo": "rust-overlay",
        "type": "github"
      }
    }
  },
  "root": "root",
  "version": 7
}
